// !$*UTF8*$!
{
	archiveVersion = 1;
	classes = {
	};
	objectVersion = 56;
	objects = {

/* Begin PBXBuildFile section */
		86229C142CFF84DD0094D88D /* Jomhuria-Regular.ttf in Resources */ = {isa = PBXBuildFile; fileRef = 86229C132CFF84B30094D88D /* Jomhuria-Regular.ttf */; };
		86229C162CFF87330094D88D /* RockCustomsButtons.swift in Sources */ = {isa = PBXBuildFile; fileRef = 86229C152CFF87330094D88D /* RockCustomsButtons.swift */; };
		86229C1B2CFF88EA0094D88D /* DifficultyView.swift in Sources */ = {isa = PBXBuildFile; fileRef = 86229C182CFF88EA0094D88D /* DifficultyView.swift */; };
		86229C1C2CFF88EA0094D88D /* DifficultyModel.swift in Sources */ = {isa = PBXBuildFile; fileRef = 86229C192CFF88EA0094D88D /* DifficultyModel.swift */; };
		86229C1D2CFF88EA0094D88D /* DifficultyViewModel.swift in Sources */ = {isa = PBXBuildFile; fileRef = 86229C1A2CFF88EA0094D88D /* DifficultyViewModel.swift */; };
		86229C1F2CFF89ED0094D88D /* Jersey10-Regular.ttf in Resources */ = {isa = PBXBuildFile; fileRef = 86229C1E2CFF89D10094D88D /* Jersey10-Regular.ttf */; };
		86229C252CFF957A0094D88D /* EasyLevelsView.swift in Sources */ = {isa = PBXBuildFile; fileRef = 86229C222CFF957A0094D88D /* EasyLevelsView.swift */; };
		86229C262CFF957A0094D88D /* EasyLevelsModel.swift in Sources */ = {isa = PBXBuildFile; fileRef = 86229C232CFF957A0094D88D /* EasyLevelsModel.swift */; };
		86229C272CFF957A0094D88D /* EasyLevelsViewModel.swift in Sources */ = {isa = PBXBuildFile; fileRef = 86229C242CFF957A0094D88D /* EasyLevelsViewModel.swift */; };
		86229C2D2CFFCEDA0094D88D /* NormalLevelsView.swift in Sources */ = {isa = PBXBuildFile; fileRef = 86229C2A2CFFCED90094D88D /* NormalLevelsView.swift */; };
		86229C2E2CFFCEDA0094D88D /* NormalLevelsModel.swift in Sources */ = {isa = PBXBuildFile; fileRef = 86229C2B2CFFCED90094D88D /* NormalLevelsModel.swift */; };
		86229C2F2CFFCEDA0094D88D /* NormalLevelsViewModel.swift in Sources */ = {isa = PBXBuildFile; fileRef = 86229C2C2CFFCED90094D88D /* NormalLevelsViewModel.swift */; };
		86229C342CFFD5020094D88D /* HardLevelsView.swift in Sources */ = {isa = PBXBuildFile; fileRef = 86229C312CFFD5020094D88D /* HardLevelsView.swift */; };
		86229C352CFFD5020094D88D /* HardLevelsModel.swift in Sources */ = {isa = PBXBuildFile; fileRef = 86229C322CFFD5020094D88D /* HardLevelsModel.swift */; };
		86229C362CFFD5020094D88D /* HardLevelsViewModel.swift in Sources */ = {isa = PBXBuildFile; fileRef = 86229C332CFFD5020094D88D /* HardLevelsViewModel.swift */; };
		8645054C2D01BFEC00B55773 /* RockWinView.swift in Sources */ = {isa = PBXBuildFile; fileRef = 864505492D01BFEC00B55773 /* RockWinView.swift */; };
		8645054D2D01BFEC00B55773 /* RockWinModel.swift in Sources */ = {isa = PBXBuildFile; fileRef = 8645054A2D01BFEC00B55773 /* RockWinModel.swift */; };
		8645054E2D01BFEC00B55773 /* RockWinViewModel.swift in Sources */ = {isa = PBXBuildFile; fileRef = 8645054B2D01BFEC00B55773 /* RockWinViewModel.swift */; };
		864505592D01C47F00B55773 /* RockLoseView.swift in Sources */ = {isa = PBXBuildFile; fileRef = 864505562D01C47F00B55773 /* RockLoseView.swift */; };
		8645055A2D01C47F00B55773 /* RockLoseModel.swift in Sources */ = {isa = PBXBuildFile; fileRef = 864505572D01C47F00B55773 /* RockLoseModel.swift */; };
		8645055B2D01C47F00B55773 /* RockLoseViewModel.swift in Sources */ = {isa = PBXBuildFile; fileRef = 864505582D01C47F00B55773 /* RockLoseViewModel.swift */; };
		864505602D01C7BD00B55773 /* RockTutorialView.swift in Sources */ = {isa = PBXBuildFile; fileRef = 8645055D2D01C7BD00B55773 /* RockTutorialView.swift */; };
		864505612D01C7BD00B55773 /* RockTutorialModel.swift in Sources */ = {isa = PBXBuildFile; fileRef = 8645055E2D01C7BD00B55773 /* RockTutorialModel.swift */; };
		864505622D01C7BD00B55773 /* RockTutorialViewModel.swift in Sources */ = {isa = PBXBuildFile; fileRef = 8645055F2D01C7BD00B55773 /* RockTutorialViewModel.swift */; };
		8674893E2D0099E600589189 /* RockSettingsView.swift in Sources */ = {isa = PBXBuildFile; fileRef = 8674893B2D0099E600589189 /* RockSettingsView.swift */; };
		8674893F2D0099E600589189 /* RockSettingsModel.swift in Sources */ = {isa = PBXBuildFile; fileRef = 8674893C2D0099E600589189 /* RockSettingsModel.swift */; };
		867489402D0099E600589189 /* RockSettingsViewModel.swift in Sources */ = {isa = PBXBuildFile; fileRef = 8674893D2D0099E600589189 /* RockSettingsViewModel.swift */; };
		867489452D009E0800589189 /* RockGameView.swift in Sources */ = {isa = PBXBuildFile; fileRef = 867489422D009E0800589189 /* RockGameView.swift */; };
		867489462D009E0800589189 /* RockGameModel.swift in Sources */ = {isa = PBXBuildFile; fileRef = 867489432D009E0800589189 /* RockGameModel.swift */; };
		867489472D009E0800589189 /* RockGameViewModel.swift in Sources */ = {isa = PBXBuildFile; fileRef = 867489442D009E0800589189 /* RockGameViewModel.swift */; };
		86AB28892D0224AA0059AC07 /* RockManGameSpriteKit.swift in Sources */ = {isa = PBXBuildFile; fileRef = 86AB28882D0224AA0059AC07 /* RockManGameSpriteKit.swift */; };
		86AB288C2D0224EC0059AC07 /* RockManGameSpriteKitExtension.swift in Sources */ = {isa = PBXBuildFile; fileRef = 86AB288B2D0224EC0059AC07 /* RockManGameSpriteKitExtension.swift */; };
		86AB288E2D0225760059AC07 /* RockManGameData.swift in Sources */ = {isa = PBXBuildFile; fileRef = 86AB288D2D0225760059AC07 /* RockManGameData.swift */; };
		86AB28902D0225F40059AC07 /* FlyingItem.swift in Sources */ = {isa = PBXBuildFile; fileRef = 86AB288F2D0225F40059AC07 /* FlyingItem.swift */; };
		86AB28932D0233340059AC07 /* RockUserDefaultsManager.swift in Sources */ = {isa = PBXBuildFile; fileRef = 86AB28922D0233340059AC07 /* RockUserDefaultsManager.swift */; };
		86BC60FB2D01ACCF0028A528 /* OutlineExtension.swift in Sources */ = {isa = PBXBuildFile; fileRef = 86BC60FA2D01ACCF0028A528 /* OutlineExtension.swift */; };
		86E227DB2CFF7E8A00EFCD81 /* RockManApp.swift in Sources */ = {isa = PBXBuildFile; fileRef = 86E227DA2CFF7E8A00EFCD81 /* RockManApp.swift */; };
		86E227DF2CFF7E8B00EFCD81 /* Assets.xcassets in Resources */ = {isa = PBXBuildFile; fileRef = 86E227DE2CFF7E8B00EFCD81 /* Assets.xcassets */; };
		86E227E22CFF7E8B00EFCD81 /* Preview Assets.xcassets in Resources */ = {isa = PBXBuildFile; fileRef = 86E227E12CFF7E8B00EFCD81 /* Preview Assets.xcassets */; };
		86E227EC2CFF7F5700EFCD81 /* RockMenuView.swift in Sources */ = {isa = PBXBuildFile; fileRef = 86E227E92CFF7F5700EFCD81 /* RockMenuView.swift */; };
		86E227ED2CFF7F5700EFCD81 /* RockMenuModel.swift in Sources */ = {isa = PBXBuildFile; fileRef = 86E227EA2CFF7F5700EFCD81 /* RockMenuModel.swift */; };
		86E227EE2CFF7F5700EFCD81 /* RockMenuViewModel.swift in Sources */ = {isa = PBXBuildFile; fileRef = 86E227EB2CFF7F5700EFCD81 /* RockMenuViewModel.swift */; };
		86E227F02CFF7F6400EFCD81 /* RockImageName.swift in Sources */ = {isa = PBXBuildFile; fileRef = 86E227EF2CFF7F6400EFCD81 /* RockImageName.swift */; };
		86E227F42CFF805300EFCD81 /* TextExtension.swift in Sources */ = {isa = PBXBuildFile; fileRef = 86E227F32CFF805300EFCD81 /* TextExtension.swift */; };
		86E227FA2CFF813200EFCD81 /* JollyJack-Regular.otf in Resources */ = {isa = PBXBuildFile; fileRef = 86E227F22CFF804600EFCD81 /* JollyJack-Regular.otf */; };
/* End PBXBuildFile section */

/* Begin PBXFileReference section */
		86229C132CFF84B30094D88D /* Jomhuria-Regular.ttf */ = {isa = PBXFileReference; lastKnownFileType = file; path = "Jomhuria-Regular.ttf"; sourceTree = "<group>"; };
		86229C152CFF87330094D88D /* RockCustomsButtons.swift */ = {isa = PBXFileReference; lastKnownFileType = sourcecode.swift; path = RockCustomsButtons.swift; sourceTree = "<group>"; };
		86229C182CFF88EA0094D88D /* DifficultyView.swift */ = {isa = PBXFileReference; lastKnownFileType = sourcecode.swift; path = DifficultyView.swift; sourceTree = "<group>"; };
		86229C192CFF88EA0094D88D /* DifficultyModel.swift */ = {isa = PBXFileReference; lastKnownFileType = sourcecode.swift; path = DifficultyModel.swift; sourceTree = "<group>"; };
		86229C1A2CFF88EA0094D88D /* DifficultyViewModel.swift */ = {isa = PBXFileReference; lastKnownFileType = sourcecode.swift; path = DifficultyViewModel.swift; sourceTree = "<group>"; };
		86229C1E2CFF89D10094D88D /* Jersey10-Regular.ttf */ = {isa = PBXFileReference; lastKnownFileType = file; path = "Jersey10-Regular.ttf"; sourceTree = "<group>"; };
		86229C222CFF957A0094D88D /* EasyLevelsView.swift */ = {isa = PBXFileReference; lastKnownFileType = sourcecode.swift; path = EasyLevelsView.swift; sourceTree = "<group>"; };
		86229C232CFF957A0094D88D /* EasyLevelsModel.swift */ = {isa = PBXFileReference; lastKnownFileType = sourcecode.swift; path = EasyLevelsModel.swift; sourceTree = "<group>"; };
		86229C242CFF957A0094D88D /* EasyLevelsViewModel.swift */ = {isa = PBXFileReference; lastKnownFileType = sourcecode.swift; path = EasyLevelsViewModel.swift; sourceTree = "<group>"; };
		86229C2A2CFFCED90094D88D /* NormalLevelsView.swift */ = {isa = PBXFileReference; lastKnownFileType = sourcecode.swift; path = NormalLevelsView.swift; sourceTree = "<group>"; };
		86229C2B2CFFCED90094D88D /* NormalLevelsModel.swift */ = {isa = PBXFileReference; lastKnownFileType = sourcecode.swift; path = NormalLevelsModel.swift; sourceTree = "<group>"; };
		86229C2C2CFFCED90094D88D /* NormalLevelsViewModel.swift */ = {isa = PBXFileReference; lastKnownFileType = sourcecode.swift; path = NormalLevelsViewModel.swift; sourceTree = "<group>"; };
		86229C312CFFD5020094D88D /* HardLevelsView.swift */ = {isa = PBXFileReference; lastKnownFileType = sourcecode.swift; path = HardLevelsView.swift; sourceTree = "<group>"; };
		86229C322CFFD5020094D88D /* HardLevelsModel.swift */ = {isa = PBXFileReference; lastKnownFileType = sourcecode.swift; path = HardLevelsModel.swift; sourceTree = "<group>"; };
		86229C332CFFD5020094D88D /* HardLevelsViewModel.swift */ = {isa = PBXFileReference; lastKnownFileType = sourcecode.swift; path = HardLevelsViewModel.swift; sourceTree = "<group>"; };
		864505492D01BFEC00B55773 /* RockWinView.swift */ = {isa = PBXFileReference; lastKnownFileType = sourcecode.swift; path = RockWinView.swift; sourceTree = "<group>"; };
		8645054A2D01BFEC00B55773 /* RockWinModel.swift */ = {isa = PBXFileReference; lastKnownFileType = sourcecode.swift; path = RockWinModel.swift; sourceTree = "<group>"; };
		8645054B2D01BFEC00B55773 /* RockWinViewModel.swift */ = {isa = PBXFileReference; lastKnownFileType = sourcecode.swift; path = RockWinViewModel.swift; sourceTree = "<group>"; };
		864505562D01C47F00B55773 /* RockLoseView.swift */ = {isa = PBXFileReference; lastKnownFileType = sourcecode.swift; path = RockLoseView.swift; sourceTree = "<group>"; };
		864505572D01C47F00B55773 /* RockLoseModel.swift */ = {isa = PBXFileReference; lastKnownFileType = sourcecode.swift; path = RockLoseModel.swift; sourceTree = "<group>"; };
		864505582D01C47F00B55773 /* RockLoseViewModel.swift */ = {isa = PBXFileReference; lastKnownFileType = sourcecode.swift; path = RockLoseViewModel.swift; sourceTree = "<group>"; };
		8645055D2D01C7BD00B55773 /* RockTutorialView.swift */ = {isa = PBXFileReference; lastKnownFileType = sourcecode.swift; path = RockTutorialView.swift; sourceTree = "<group>"; };
		8645055E2D01C7BD00B55773 /* RockTutorialModel.swift */ = {isa = PBXFileReference; lastKnownFileType = sourcecode.swift; path = RockTutorialModel.swift; sourceTree = "<group>"; };
		8645055F2D01C7BD00B55773 /* RockTutorialViewModel.swift */ = {isa = PBXFileReference; lastKnownFileType = sourcecode.swift; path = RockTutorialViewModel.swift; sourceTree = "<group>"; };
		8674893B2D0099E600589189 /* RockSettingsView.swift */ = {isa = PBXFileReference; lastKnownFileType = sourcecode.swift; path = RockSettingsView.swift; sourceTree = "<group>"; };
		8674893C2D0099E600589189 /* RockSettingsModel.swift */ = {isa = PBXFileReference; lastKnownFileType = sourcecode.swift; path = RockSettingsModel.swift; sourceTree = "<group>"; };
		8674893D2D0099E600589189 /* RockSettingsViewModel.swift */ = {isa = PBXFileReference; lastKnownFileType = sourcecode.swift; path = RockSettingsViewModel.swift; sourceTree = "<group>"; };
		867489422D009E0800589189 /* RockGameView.swift */ = {isa = PBXFileReference; lastKnownFileType = sourcecode.swift; path = RockGameView.swift; sourceTree = "<group>"; };
		867489432D009E0800589189 /* RockGameModel.swift */ = {isa = PBXFileReference; lastKnownFileType = sourcecode.swift; path = RockGameModel.swift; sourceTree = "<group>"; };
		867489442D009E0800589189 /* RockGameViewModel.swift */ = {isa = PBXFileReference; lastKnownFileType = sourcecode.swift; path = RockGameViewModel.swift; sourceTree = "<group>"; };
		86AB28882D0224AA0059AC07 /* RockManGameSpriteKit.swift */ = {isa = PBXFileReference; lastKnownFileType = sourcecode.swift; path = RockManGameSpriteKit.swift; sourceTree = "<group>"; };
		86AB288B2D0224EC0059AC07 /* RockManGameSpriteKitExtension.swift */ = {isa = PBXFileReference; lastKnownFileType = sourcecode.swift; path = RockManGameSpriteKitExtension.swift; sourceTree = "<group>"; };
		86AB288D2D0225760059AC07 /* RockManGameData.swift */ = {isa = PBXFileReference; lastKnownFileType = sourcecode.swift; path = RockManGameData.swift; sourceTree = "<group>"; };
		86AB288F2D0225F40059AC07 /* FlyingItem.swift */ = {isa = PBXFileReference; lastKnownFileType = sourcecode.swift; path = FlyingItem.swift; sourceTree = "<group>"; };
		86AB28922D0233340059AC07 /* RockUserDefaultsManager.swift */ = {isa = PBXFileReference; lastKnownFileType = sourcecode.swift; path = RockUserDefaultsManager.swift; sourceTree = "<group>"; };
		86BC60FA2D01ACCF0028A528 /* OutlineExtension.swift */ = {isa = PBXFileReference; lastKnownFileType = sourcecode.swift; path = OutlineExtension.swift; sourceTree = "<group>"; };
		86E227D72CFF7E8A00EFCD81 /* RockMan.app */ = {isa = PBXFileReference; explicitFileType = wrapper.application; includeInIndex = 0; path = RockMan.app; sourceTree = BUILT_PRODUCTS_DIR; };
		86E227DA2CFF7E8A00EFCD81 /* RockManApp.swift */ = {isa = PBXFileReference; lastKnownFileType = sourcecode.swift; path = RockManApp.swift; sourceTree = "<group>"; };
		86E227DE2CFF7E8B00EFCD81 /* Assets.xcassets */ = {isa = PBXFileReference; lastKnownFileType = folder.assetcatalog; path = Assets.xcassets; sourceTree = "<group>"; };
		86E227E12CFF7E8B00EFCD81 /* Preview Assets.xcassets */ = {isa = PBXFileReference; lastKnownFileType = folder.assetcatalog; path = "Preview Assets.xcassets"; sourceTree = "<group>"; };
		86E227E92CFF7F5700EFCD81 /* RockMenuView.swift */ = {isa = PBXFileReference; lastKnownFileType = sourcecode.swift; path = RockMenuView.swift; sourceTree = "<group>"; };
		86E227EA2CFF7F5700EFCD81 /* RockMenuModel.swift */ = {isa = PBXFileReference; lastKnownFileType = sourcecode.swift; path = RockMenuModel.swift; sourceTree = "<group>"; };
		86E227EB2CFF7F5700EFCD81 /* RockMenuViewModel.swift */ = {isa = PBXFileReference; lastKnownFileType = sourcecode.swift; path = RockMenuViewModel.swift; sourceTree = "<group>"; };
		86E227EF2CFF7F6400EFCD81 /* RockImageName.swift */ = {isa = PBXFileReference; lastKnownFileType = sourcecode.swift; path = RockImageName.swift; sourceTree = "<group>"; };
		86E227F22CFF804600EFCD81 /* JollyJack-Regular.otf */ = {isa = PBXFileReference; lastKnownFileType = file; path = "JollyJack-Regular.otf"; sourceTree = "<group>"; };
		86E227F32CFF805300EFCD81 /* TextExtension.swift */ = {isa = PBXFileReference; lastKnownFileType = sourcecode.swift; path = TextExtension.swift; sourceTree = "<group>"; };
		86E227F52CFF807B00EFCD81 /* Info.plist */ = {isa = PBXFileReference; lastKnownFileType = text.plist; path = Info.plist; sourceTree = "<group>"; };
/* End PBXFileReference section */

/* Begin PBXFrameworksBuildPhase section */
		86E227D42CFF7E8A00EFCD81 /* Frameworks */ = {
			isa = PBXFrameworksBuildPhase;
			buildActionMask = 2147483647;
			files = (
			);
			runOnlyForDeploymentPostprocessing = 0;
		};
/* End PBXFrameworksBuildPhase section */

/* Begin PBXGroup section */
		86229C172CFF88BE0094D88D /* DifficultyModule  */ = {
			isa = PBXGroup;
			children = (
				86229C182CFF88EA0094D88D /* DifficultyView.swift */,
				86229C192CFF88EA0094D88D /* DifficultyModel.swift */,
				86229C1A2CFF88EA0094D88D /* DifficultyViewModel.swift */,
			);
			path = "DifficultyModule ";
			sourceTree = "<group>";
		};
		86229C202CFF90CC0094D88D /* CustomButtons */ = {
			isa = PBXGroup;
			children = (
				86229C152CFF87330094D88D /* RockCustomsButtons.swift */,
			);
			path = CustomButtons;
			sourceTree = "<group>";
		};
		86229C212CFF956A0094D88D /* EasyLevelsModule */ = {
			isa = PBXGroup;
			children = (
				86229C222CFF957A0094D88D /* EasyLevelsView.swift */,
				86229C232CFF957A0094D88D /* EasyLevelsModel.swift */,
				86229C242CFF957A0094D88D /* EasyLevelsViewModel.swift */,
			);
			path = EasyLevelsModule;
			sourceTree = "<group>";
		};
		86229C282CFFCEBF0094D88D /* NormalLevelsModule */ = {
			isa = PBXGroup;
			children = (
				86229C2A2CFFCED90094D88D /* NormalLevelsView.swift */,
				86229C2B2CFFCED90094D88D /* NormalLevelsModel.swift */,
				86229C2C2CFFCED90094D88D /* NormalLevelsViewModel.swift */,
			);
			path = NormalLevelsModule;
			sourceTree = "<group>";
		};
		86229C302CFFD4F40094D88D /* HardLevelsModule */ = {
			isa = PBXGroup;
			children = (
				86229C312CFFD5020094D88D /* HardLevelsView.swift */,
				86229C322CFFD5020094D88D /* HardLevelsModel.swift */,
				86229C332CFFD5020094D88D /* HardLevelsViewModel.swift */,
			);
			path = HardLevelsModule;
			sourceTree = "<group>";
		};
		864505482D01BFE300B55773 /* WinModule */ = {
			isa = PBXGroup;
			children = (
				864505492D01BFEC00B55773 /* RockWinView.swift */,
				8645054A2D01BFEC00B55773 /* RockWinModel.swift */,
				8645054B2D01BFEC00B55773 /* RockWinViewModel.swift */,
			);
			path = WinModule;
			sourceTree = "<group>";
		};
		8645054F2D01C44D00B55773 /* LoseModule */ = {
			isa = PBXGroup;
			children = (
				864505562D01C47F00B55773 /* RockLoseView.swift */,
				864505572D01C47F00B55773 /* RockLoseModel.swift */,
				864505582D01C47F00B55773 /* RockLoseViewModel.swift */,
			);
			path = LoseModule;
			sourceTree = "<group>";
		};
		8645055C2D01C7AF00B55773 /* TutorialModule */ = {
			isa = PBXGroup;
			children = (
				8645055D2D01C7BD00B55773 /* RockTutorialView.swift */,
				8645055E2D01C7BD00B55773 /* RockTutorialModel.swift */,
				8645055F2D01C7BD00B55773 /* RockTutorialViewModel.swift */,
			);
			path = TutorialModule;
			sourceTree = "<group>";
		};
		8674893A2D0099D700589189 /* SettingsModule */ = {
			isa = PBXGroup;
			children = (
				8674893B2D0099E600589189 /* RockSettingsView.swift */,
				8674893C2D0099E600589189 /* RockSettingsModel.swift */,
				8674893D2D0099E600589189 /* RockSettingsViewModel.swift */,
			);
			path = SettingsModule;
			sourceTree = "<group>";
		};
		867489412D009DFB00589189 /* GameModule */ = {
			isa = PBXGroup;
			children = (
				867489422D009E0800589189 /* RockGameView.swift */,
				867489432D009E0800589189 /* RockGameModel.swift */,
				867489442D009E0800589189 /* RockGameViewModel.swift */,
				86AB288A2D0224DE0059AC07 /* GameSpriteKit */,
			);
			path = GameModule;
			sourceTree = "<group>";
		};
		86AB288A2D0224DE0059AC07 /* GameSpriteKit */ = {
			isa = PBXGroup;
			children = (
				86AB28882D0224AA0059AC07 /* RockManGameSpriteKit.swift */,
				86AB288B2D0224EC0059AC07 /* RockManGameSpriteKitExtension.swift */,
				86AB288D2D0225760059AC07 /* RockManGameData.swift */,
				86AB288F2D0225F40059AC07 /* FlyingItem.swift */,
			);
			path = GameSpriteKit;
			sourceTree = "<group>";
		};
		86AB28912D0233270059AC07 /* UserDefaultsManager */ = {
			isa = PBXGroup;
			children = (
				86AB28922D0233340059AC07 /* RockUserDefaultsManager.swift */,
			);
			path = UserDefaultsManager;
			sourceTree = "<group>";
		};
		86E227CE2CFF7E8A00EFCD81 = {
			isa = PBXGroup;
			children = (
				86E227D92CFF7E8A00EFCD81 /* RockMan */,
				86E227D82CFF7E8A00EFCD81 /* Products */,
			);
			sourceTree = "<group>";
		};
		86E227D82CFF7E8A00EFCD81 /* Products */ = {
			isa = PBXGroup;
			children = (
				86E227D72CFF7E8A00EFCD81 /* RockMan.app */,
			);
			name = Products;
			sourceTree = "<group>";
		};
		86E227D92CFF7E8A00EFCD81 /* RockMan */ = {
			isa = PBXGroup;
			children = (
				86E227F52CFF807B00EFCD81 /* Info.plist */,
				86E227DE2CFF7E8B00EFCD81 /* Assets.xcassets */,
				86E227DA2CFF7E8A00EFCD81 /* RockManApp.swift */,
				8645055C2D01C7AF00B55773 /* TutorialModule */,
				8645054F2D01C44D00B55773 /* LoseModule */,
				864505482D01BFE300B55773 /* WinModule */,
				867489412D009DFB00589189 /* GameModule */,
				8674893A2D0099D700589189 /* SettingsModule */,
				86229C302CFFD4F40094D88D /* HardLevelsModule */,
				86229C282CFFCEBF0094D88D /* NormalLevelsModule */,
				86229C212CFF956A0094D88D /* EasyLevelsModule */,
				86229C172CFF88BE0094D88D /* DifficultyModule  */,
				86E227E82CFF7F4B00EFCD81 /* MenuModule */,
				86E227F12CFF7F6700EFCD81 /* Helpers */,
				86E227F92CFF810800EFCD81 /* Extensions */,
				86E227E02CFF7E8B00EFCD81 /* Preview Content */,
			);
			path = RockMan;
			sourceTree = "<group>";
		};
		86E227E02CFF7E8B00EFCD81 /* Preview Content */ = {
			isa = PBXGroup;
			children = (
				86E227E12CFF7E8B00EFCD81 /* Preview Assets.xcassets */,
			);
			path = "Preview Content";
			sourceTree = "<group>";
		};
		86E227E82CFF7F4B00EFCD81 /* MenuModule */ = {
			isa = PBXGroup;
			children = (
				86E227E92CFF7F5700EFCD81 /* RockMenuView.swift */,
				86E227EA2CFF7F5700EFCD81 /* RockMenuModel.swift */,
				86E227EB2CFF7F5700EFCD81 /* RockMenuViewModel.swift */,
			);
			path = MenuModule;
			sourceTree = "<group>";
		};
		86E227F12CFF7F6700EFCD81 /* Helpers */ = {
			isa = PBXGroup;
			children = (
				86AB28912D0233270059AC07 /* UserDefaultsManager */,
				86E227F72CFF80F900EFCD81 /* Fonts */,
				86E227F82CFF810200EFCD81 /* ImageName */,
				86229C202CFF90CC0094D88D /* CustomButtons */,
			);
			path = Helpers;
			sourceTree = "<group>";
		};
		86E227F72CFF80F900EFCD81 /* Fonts */ = {
			isa = PBXGroup;
			children = (
				86E227F22CFF804600EFCD81 /* JollyJack-Regular.otf */,
				86229C132CFF84B30094D88D /* Jomhuria-Regular.ttf */,
				86229C1E2CFF89D10094D88D /* Jersey10-Regular.ttf */,
			);
			path = Fonts;
			sourceTree = "<group>";
		};
		86E227F82CFF810200EFCD81 /* ImageName */ = {
			isa = PBXGroup;
			children = (
				86E227EF2CFF7F6400EFCD81 /* RockImageName.swift */,
			);
			path = ImageName;
			sourceTree = "<group>";
		};
		86E227F92CFF810800EFCD81 /* Extensions */ = {
			isa = PBXGroup;
			children = (
				86E227F32CFF805300EFCD81 /* TextExtension.swift */,
				86BC60FA2D01ACCF0028A528 /* OutlineExtension.swift */,
			);
			path = Extensions;
			sourceTree = "<group>";
		};
/* End PBXGroup section */

/* Begin PBXNativeTarget section */
		86E227D62CFF7E8A00EFCD81 /* RockMan */ = {
			isa = PBXNativeTarget;
			buildConfigurationList = 86E227E52CFF7E8B00EFCD81 /* Build configuration list for PBXNativeTarget "RockMan" */;
			buildPhases = (
				86E227D32CFF7E8A00EFCD81 /* Sources */,
				86E227D42CFF7E8A00EFCD81 /* Frameworks */,
				86E227D52CFF7E8A00EFCD81 /* Resources */,
			);
			buildRules = (
			);
			dependencies = (
			);
			name = RockMan;
			productName = RockMan;
			productReference = 86E227D72CFF7E8A00EFCD81 /* RockMan.app */;
			productType = "com.apple.product-type.application";
		};
/* End PBXNativeTarget section */

/* Begin PBXProject section */
		86E227CF2CFF7E8A00EFCD81 /* Project object */ = {
			isa = PBXProject;
			attributes = {
				BuildIndependentTargetsInParallel = 1;
				LastSwiftUpdateCheck = 1540;
				LastUpgradeCheck = 1540;
				TargetAttributes = {
					86E227D62CFF7E8A00EFCD81 = {
						CreatedOnToolsVersion = 15.4;
					};
				};
			};
			buildConfigurationList = 86E227D22CFF7E8A00EFCD81 /* Build configuration list for PBXProject "RockMan" */;
			compatibilityVersion = "Xcode 14.0";
			developmentRegion = en;
			hasScannedForEncodings = 0;
			knownRegions = (
				en,
				Base,
			);
			mainGroup = 86E227CE2CFF7E8A00EFCD81;
			productRefGroup = 86E227D82CFF7E8A00EFCD81 /* Products */;
			projectDirPath = "";
			projectRoot = "";
			targets = (
				86E227D62CFF7E8A00EFCD81 /* RockMan */,
			);
		};
/* End PBXProject section */

/* Begin PBXResourcesBuildPhase section */
		86E227D52CFF7E8A00EFCD81 /* Resources */ = {
			isa = PBXResourcesBuildPhase;
			buildActionMask = 2147483647;
			files = (
				86229C1F2CFF89ED0094D88D /* Jersey10-Regular.ttf in Resources */,
				86229C142CFF84DD0094D88D /* Jomhuria-Regular.ttf in Resources */,
				86E227FA2CFF813200EFCD81 /* JollyJack-Regular.otf in Resources */,
				86E227E22CFF7E8B00EFCD81 /* Preview Assets.xcassets in Resources */,
				86E227DF2CFF7E8B00EFCD81 /* Assets.xcassets in Resources */,
			);
			runOnlyForDeploymentPostprocessing = 0;
		};
/* End PBXResourcesBuildPhase section */

/* Begin PBXSourcesBuildPhase section */
		86E227D32CFF7E8A00EFCD81 /* Sources */ = {
			isa = PBXSourcesBuildPhase;
			buildActionMask = 2147483647;
			files = (
				8645054C2D01BFEC00B55773 /* RockWinView.swift in Sources */,
				8645054D2D01BFEC00B55773 /* RockWinModel.swift in Sources */,
				8645054E2D01BFEC00B55773 /* RockWinViewModel.swift in Sources */,
				86AB28902D0225F40059AC07 /* FlyingItem.swift in Sources */,
				86229C2D2CFFCEDA0094D88D /* NormalLevelsView.swift in Sources */,
				86AB288E2D0225760059AC07 /* RockManGameData.swift in Sources */,
				86AB28932D0233340059AC07 /* RockUserDefaultsManager.swift in Sources */,
				864505592D01C47F00B55773 /* RockLoseView.swift in Sources */,
				86AB288C2D0224EC0059AC07 /* RockManGameSpriteKitExtension.swift in Sources */,
				8645055A2D01C47F00B55773 /* RockLoseModel.swift in Sources */,
				8645055B2D01C47F00B55773 /* RockLoseViewModel.swift in Sources */,
				86229C2E2CFFCEDA0094D88D /* NormalLevelsModel.swift in Sources */,
				86229C2F2CFFCEDA0094D88D /* NormalLevelsViewModel.swift in Sources */,
				86229C1B2CFF88EA0094D88D /* DifficultyView.swift in Sources */,
				86229C1C2CFF88EA0094D88D /* DifficultyModel.swift in Sources */,
				864505602D01C7BD00B55773 /* RockTutorialView.swift in Sources */,
				864505612D01C7BD00B55773 /* RockTutorialModel.swift in Sources */,
				864505622D01C7BD00B55773 /* RockTutorialViewModel.swift in Sources */,
				86229C342CFFD5020094D88D /* HardLevelsView.swift in Sources */,
				86229C352CFFD5020094D88D /* HardLevelsModel.swift in Sources */,
				867489452D009E0800589189 /* RockGameView.swift in Sources */,
				867489462D009E0800589189 /* RockGameModel.swift in Sources */,
				867489472D009E0800589189 /* RockGameViewModel.swift in Sources */,
				86229C362CFFD5020094D88D /* HardLevelsViewModel.swift in Sources */,
				8674893E2D0099E600589189 /* RockSettingsView.swift in Sources */,
				8674893F2D0099E600589189 /* RockSettingsModel.swift in Sources */,
				867489402D0099E600589189 /* RockSettingsViewModel.swift in Sources */,
				86BC60FB2D01ACCF0028A528 /* OutlineExtension.swift in Sources */,
				86229C1D2CFF88EA0094D88D /* DifficultyViewModel.swift in Sources */,
				86E227F02CFF7F6400EFCD81 /* RockImageName.swift in Sources */,
				86E227EC2CFF7F5700EFCD81 /* RockMenuView.swift in Sources */,
				86AB28892D0224AA0059AC07 /* RockManGameSpriteKit.swift in Sources */,
				86E227ED2CFF7F5700EFCD81 /* RockMenuModel.swift in Sources */,
				86E227F42CFF805300EFCD81 /* TextExtension.swift in Sources */,
				86229C162CFF87330094D88D /* RockCustomsButtons.swift in Sources */,
				86E227EE2CFF7F5700EFCD81 /* RockMenuViewModel.swift in Sources */,
				86229C252CFF957A0094D88D /* EasyLevelsView.swift in Sources */,
				86229C262CFF957A0094D88D /* EasyLevelsModel.swift in Sources */,
				86229C272CFF957A0094D88D /* EasyLevelsViewModel.swift in Sources */,
				86E227DB2CFF7E8A00EFCD81 /* RockManApp.swift in Sources */,
			);
			runOnlyForDeploymentPostprocessing = 0;
		};
/* End PBXSourcesBuildPhase section */

/* Begin XCBuildConfiguration section */
		86E227E32CFF7E8B00EFCD81 /* Debug */ = {
			isa = XCBuildConfiguration;
			buildSettings = {
				ALWAYS_SEARCH_USER_PATHS = NO;
				ASSETCATALOG_COMPILER_GENERATE_SWIFT_ASSET_SYMBOL_EXTENSIONS = YES;
				CLANG_ANALYZER_NONNULL = YES;
				CLANG_ANALYZER_NUMBER_OBJECT_CONVERSION = YES_AGGRESSIVE;
				CLANG_CXX_LANGUAGE_STANDARD = "gnu++20";
				CLANG_ENABLE_MODULES = YES;
				CLANG_ENABLE_OBJC_ARC = YES;
				CLANG_ENABLE_OBJC_WEAK = YES;
				CLANG_WARN_BLOCK_CAPTURE_AUTORELEASING = YES;
				CLANG_WARN_BOOL_CONVERSION = YES;
				CLANG_WARN_COMMA = YES;
				CLANG_WARN_CONSTANT_CONVERSION = YES;
				CLANG_WARN_DEPRECATED_OBJC_IMPLEMENTATIONS = YES;
				CLANG_WARN_DIRECT_OBJC_ISA_USAGE = YES_ERROR;
				CLANG_WARN_DOCUMENTATION_COMMENTS = YES;
				CLANG_WARN_EMPTY_BODY = YES;
				CLANG_WARN_ENUM_CONVERSION = YES;
				CLANG_WARN_INFINITE_RECURSION = YES;
				CLANG_WARN_INT_CONVERSION = YES;
				CLANG_WARN_NON_LITERAL_NULL_CONVERSION = YES;
				CLANG_WARN_OBJC_IMPLICIT_RETAIN_SELF = YES;
				CLANG_WARN_OBJC_LITERAL_CONVERSION = YES;
				CLANG_WARN_OBJC_ROOT_CLASS = YES_ERROR;
				CLANG_WARN_QUOTED_INCLUDE_IN_FRAMEWORK_HEADER = YES;
				CLANG_WARN_RANGE_LOOP_ANALYSIS = YES;
				CLANG_WARN_STRICT_PROTOTYPES = YES;
				CLANG_WARN_SUSPICIOUS_MOVE = YES;
				CLANG_WARN_UNGUARDED_AVAILABILITY = YES_AGGRESSIVE;
				CLANG_WARN_UNREACHABLE_CODE = YES;
				CLANG_WARN__DUPLICATE_METHOD_MATCH = YES;
				COPY_PHASE_STRIP = NO;
				DEBUG_INFORMATION_FORMAT = dwarf;
				ENABLE_STRICT_OBJC_MSGSEND = YES;
				ENABLE_TESTABILITY = YES;
				ENABLE_USER_SCRIPT_SANDBOXING = YES;
				GCC_C_LANGUAGE_STANDARD = gnu17;
				GCC_DYNAMIC_NO_PIC = NO;
				GCC_NO_COMMON_BLOCKS = YES;
				GCC_OPTIMIZATION_LEVEL = 0;
				GCC_PREPROCESSOR_DEFINITIONS = (
					"DEBUG=1",
					"$(inherited)",
				);
				GCC_WARN_64_TO_32_BIT_CONVERSION = YES;
				GCC_WARN_ABOUT_RETURN_TYPE = YES_ERROR;
				GCC_WARN_UNDECLARED_SELECTOR = YES;
				GCC_WARN_UNINITIALIZED_AUTOS = YES_AGGRESSIVE;
				GCC_WARN_UNUSED_FUNCTION = YES;
				GCC_WARN_UNUSED_VARIABLE = YES;
				IPHONEOS_DEPLOYMENT_TARGET = 17.5;
				LOCALIZATION_PREFERS_STRING_CATALOGS = YES;
				MTL_ENABLE_DEBUG_INFO = INCLUDE_SOURCE;
				MTL_FAST_MATH = YES;
				ONLY_ACTIVE_ARCH = YES;
				SDKROOT = iphoneos;
				SWIFT_ACTIVE_COMPILATION_CONDITIONS = "DEBUG $(inherited)";
				SWIFT_OPTIMIZATION_LEVEL = "-Onone";
			};
			name = Debug;
		};
		86E227E42CFF7E8B00EFCD81 /* Release */ = {
			isa = XCBuildConfiguration;
			buildSettings = {
				ALWAYS_SEARCH_USER_PATHS = NO;
				ASSETCATALOG_COMPILER_GENERATE_SWIFT_ASSET_SYMBOL_EXTENSIONS = YES;
				CLANG_ANALYZER_NONNULL = YES;
				CLANG_ANALYZER_NUMBER_OBJECT_CONVERSION = YES_AGGRESSIVE;
				CLANG_CXX_LANGUAGE_STANDARD = "gnu++20";
				CLANG_ENABLE_MODULES = YES;
				CLANG_ENABLE_OBJC_ARC = YES;
				CLANG_ENABLE_OBJC_WEAK = YES;
				CLANG_WARN_BLOCK_CAPTURE_AUTORELEASING = YES;
				CLANG_WARN_BOOL_CONVERSION = YES;
				CLANG_WARN_COMMA = YES;
				CLANG_WARN_CONSTANT_CONVERSION = YES;
				CLANG_WARN_DEPRECATED_OBJC_IMPLEMENTATIONS = YES;
				CLANG_WARN_DIRECT_OBJC_ISA_USAGE = YES_ERROR;
				CLANG_WARN_DOCUMENTATION_COMMENTS = YES;
				CLANG_WARN_EMPTY_BODY = YES;
				CLANG_WARN_ENUM_CONVERSION = YES;
				CLANG_WARN_INFINITE_RECURSION = YES;
				CLANG_WARN_INT_CONVERSION = YES;
				CLANG_WARN_NON_LITERAL_NULL_CONVERSION = YES;
				CLANG_WARN_OBJC_IMPLICIT_RETAIN_SELF = YES;
				CLANG_WARN_OBJC_LITERAL_CONVERSION = YES;
				CLANG_WARN_OBJC_ROOT_CLASS = YES_ERROR;
				CLANG_WARN_QUOTED_INCLUDE_IN_FRAMEWORK_HEADER = YES;
				CLANG_WARN_RANGE_LOOP_ANALYSIS = YES;
				CLANG_WARN_STRICT_PROTOTYPES = YES;
				CLANG_WARN_SUSPICIOUS_MOVE = YES;
				CLANG_WARN_UNGUARDED_AVAILABILITY = YES_AGGRESSIVE;
				CLANG_WARN_UNREACHABLE_CODE = YES;
				CLANG_WARN__DUPLICATE_METHOD_MATCH = YES;
				COPY_PHASE_STRIP = NO;
				DEBUG_INFORMATION_FORMAT = "dwarf-with-dsym";
				ENABLE_NS_ASSERTIONS = NO;
				ENABLE_STRICT_OBJC_MSGSEND = YES;
				ENABLE_USER_SCRIPT_SANDBOXING = YES;
				GCC_C_LANGUAGE_STANDARD = gnu17;
				GCC_NO_COMMON_BLOCKS = YES;
				GCC_WARN_64_TO_32_BIT_CONVERSION = YES;
				GCC_WARN_ABOUT_RETURN_TYPE = YES_ERROR;
				GCC_WARN_UNDECLARED_SELECTOR = YES;
				GCC_WARN_UNINITIALIZED_AUTOS = YES_AGGRESSIVE;
				GCC_WARN_UNUSED_FUNCTION = YES;
				GCC_WARN_UNUSED_VARIABLE = YES;
				IPHONEOS_DEPLOYMENT_TARGET = 17.5;
				LOCALIZATION_PREFERS_STRING_CATALOGS = YES;
				MTL_ENABLE_DEBUG_INFO = NO;
				MTL_FAST_MATH = YES;
				SDKROOT = iphoneos;
				SWIFT_COMPILATION_MODE = wholemodule;
				VALIDATE_PRODUCT = YES;
			};
			name = Release;
		};
		86E227E62CFF7E8B00EFCD81 /* Debug */ = {
			isa = XCBuildConfiguration;
			buildSettings = {
				ASSETCATALOG_COMPILER_APPICON_NAME = AppIcon;
				ASSETCATALOG_COMPILER_GLOBAL_ACCENT_COLOR_NAME = AccentColor;
				CODE_SIGN_STYLE = Automatic;
				CURRENT_PROJECT_VERSION = 1;
				DEVELOPMENT_ASSET_PATHS = "\"RockMan/Preview Content\"";
				DEVELOPMENT_TEAM = 59WWFG63NN;
				ENABLE_PREVIEWS = YES;
				GENERATE_INFOPLIST_FILE = YES;
				INFOPLIST_FILE = RockMan/Info.plist;
				INFOPLIST_KEY_UIApplicationSceneManifest_Generation = YES;
				INFOPLIST_KEY_UIApplicationSupportsIndirectInputEvents = YES;
				INFOPLIST_KEY_UILaunchScreen_Generation = YES;
				INFOPLIST_KEY_UISupportedInterfaceOrientations_iPad = "UIInterfaceOrientationPortrait UIInterfaceOrientationPortraitUpsideDown UIInterfaceOrientationLandscapeLeft UIInterfaceOrientationLandscapeRight";
				INFOPLIST_KEY_UISupportedInterfaceOrientations_iPhone = "UIInterfaceOrientationPortrait UIInterfaceOrientationLandscapeLeft UIInterfaceOrientationLandscapeRight";
				LD_RUNPATH_SEARCH_PATHS = (
					"$(inherited)",
					"@executable_path/Frameworks",
				);
				MARKETING_VERSION = 1.0;
				PRODUCT_BUNDLE_IDENTIFIER = ART.RockMan;
				PRODUCT_NAME = "$(TARGET_NAME)";
				SWIFT_EMIT_LOC_STRINGS = YES;
				SWIFT_VERSION = 5.0;
				TARGETED_DEVICE_FAMILY = "1,2";
			};
			name = Debug;
		};
		86E227E72CFF7E8B00EFCD81 /* Release */ = {
			isa = XCBuildConfiguration;
			buildSettings = {
				ASSETCATALOG_COMPILER_APPICON_NAME = AppIcon;
				ASSETCATALOG_COMPILER_GLOBAL_ACCENT_COLOR_NAME = AccentColor;
				CODE_SIGN_STYLE = Automatic;
				CURRENT_PROJECT_VERSION = 1;
				DEVELOPMENT_ASSET_PATHS = "\"RockMan/Preview Content\"";
				DEVELOPMENT_TEAM = 59WWFG63NN;
				ENABLE_PREVIEWS = YES;
				GENERATE_INFOPLIST_FILE = YES;
				INFOPLIST_FILE = RockMan/Info.plist;
				INFOPLIST_KEY_UIApplicationSceneManifest_Generation = YES;
				INFOPLIST_KEY_UIApplicationSupportsIndirectInputEvents = YES;
				INFOPLIST_KEY_UILaunchScreen_Generation = YES;
				INFOPLIST_KEY_UISupportedInterfaceOrientations_iPad = "UIInterfaceOrientationPortrait UIInterfaceOrientationPortraitUpsideDown UIInterfaceOrientationLandscapeLeft UIInterfaceOrientationLandscapeRight";
				INFOPLIST_KEY_UISupportedInterfaceOrientations_iPhone = "UIInterfaceOrientationPortrait UIInterfaceOrientationLandscapeLeft UIInterfaceOrientationLandscapeRight";
				LD_RUNPATH_SEARCH_PATHS = (
					"$(inherited)",
					"@executable_path/Frameworks",
				);
				MARKETING_VERSION = 1.0;
				PRODUCT_BUNDLE_IDENTIFIER = ART.RockMan;
				PRODUCT_NAME = "$(TARGET_NAME)";
				SWIFT_EMIT_LOC_STRINGS = YES;
				SWIFT_VERSION = 5.0;
				TARGETED_DEVICE_FAMILY = "1,2";
			};
			name = Release;
		};
/* End XCBuildConfiguration section */

/* Begin XCConfigurationList section */
		86E227D22CFF7E8A00EFCD81 /* Build configuration list for PBXProject "RockMan" */ = {
			isa = XCConfigurationList;
			buildConfigurations = (
				86E227E32CFF7E8B00EFCD81 /* Debug */,
				86E227E42CFF7E8B00EFCD81 /* Release */,
			);
			defaultConfigurationIsVisible = 0;
			defaultConfigurationName = Release;
		};
		86E227E52CFF7E8B00EFCD81 /* Build configuration list for PBXNativeTarget "RockMan" */ = {
			isa = XCConfigurationList;
			buildConfigurations = (
				86E227E62CFF7E8B00EFCD81 /* Debug */,
				86E227E72CFF7E8B00EFCD81 /* Release */,
			);
			defaultConfigurationIsVisible = 0;
			defaultConfigurationName = Release;
		};
/* End XCConfigurationList section */
	};
	rootObject = 86E227CF2CFF7E8A00EFCD81 /* Project object */;
}
